{
  "version": 4,
  "terraform_version": "1.5.7",
  "serial": 64,
  "lineage": "9ab9c4d0-9e0d-838c-a3a0-134d4b900440",
  "outputs": {},
  "resources": [
    {
      "mode": "data",
      "type": "azurerm_subnet",
      "name": "internal_subnet",
      "provider": "provider[\"registry.terraform.io/hashicorp/azurerm\"]",
      "instances": [
        {
          "schema_version": 0,
          "attributes": {
            "address_prefix": "10.3.1.0/24",
            "address_prefixes": [
              "10.3.1.0/24"
            ],
            "enforce_private_link_endpoint_network_policies": false,
            "enforce_private_link_service_network_policies": false,
            "id": "/subscriptions/765266c6-9a23-4638-af32-dd1e32613047/resourceGroups/ADDA84-CTP/providers/Microsoft.Network/virtualNetworks/network-tp4/subnets/internal",
            "name": "internal",
            "network_security_group_id": "",
            "private_endpoint_network_policies_enabled": true,
            "private_link_service_network_policies_enabled": true,
            "resource_group_name": "ADDA84-CTP",
            "route_table_id": "",
            "service_endpoints": [],
            "timeouts": null,
            "virtual_network_name": "network-tp4"
          },
          "sensitive_attributes": []
        }
      ]
    },
    {
      "mode": "data",
      "type": "azurerm_virtual_network",
      "name": "tp4_vnet",
      "provider": "provider[\"registry.terraform.io/hashicorp/azurerm\"]",
      "instances": [
        {
          "schema_version": 0,
          "attributes": {
            "address_space": [
              "10.3.0.0/16"
            ],
            "dns_servers": [],
            "guid": "115ae1ba-2382-40c6-a188-18d5a3a482cd",
            "id": "/subscriptions/765266c6-9a23-4638-af32-dd1e32613047/resourceGroups/ADDA84-CTP/providers/Microsoft.Network/virtualNetworks/network-tp4",
            "location": "francecentral",
            "name": "network-tp4",
            "resource_group_name": "ADDA84-CTP",
            "subnets": [
              "internal"
            ],
            "tags": {},
            "timeouts": null,
            "vnet_peerings": {},
            "vnet_peerings_addresses": []
          },
          "sensitive_attributes": []
        }
      ]
    },
    {
      "mode": "managed",
      "type": "azurerm_linux_virtual_machine",
      "name": "devops_vm",
      "provider": "provider[\"registry.terraform.io/hashicorp/azurerm\"]",
      "instances": [
        {
          "schema_version": 0,
          "attributes": {
            "additional_capabilities": [],
            "admin_password": null,
            "admin_ssh_key": [
              {
                "public_key": "ssh-rsa AAAAB3NzaC1yc2EAAAADAQABAAABAQDV9bjRnCR4oADAN1oolXIW5C2t3NU5/wyVESmULRdIpUYFAmX+f/PyKpaiK05tD1n6Zqakxw3MWhmZC7d+YDSD0IQa9Y3kGhtOpUDa1yPkRESjWozPOd1v7V6jrv2GWkU+QwEEGll3vCsGr802CKVdPsiJ4Cz401xOq+HsXjnNon3TIIgFRd3KzG+jbZsfwZHSD9laEDN1ulQ/fRID3W6JziTeuMrIvtfulWhuL/nAHvZPPW3El7kEptLk0CRMBfGshjwIbcNrjDmjnZW16blwssgimeK3/33NkEKBuEwsgfWhRaO0DfGDKIUbrdjrTVRxpHokV4hqc61eQ4Fv4Oo1\n",
                "username": "devops"
              }
            ],
            "admin_username": "devops",
            "allow_extension_operations": true,
            "availability_set_id": "",
            "boot_diagnostics": [],
            "bypass_platform_safety_checks_on_user_schedule_enabled": false,
            "capacity_reservation_group_id": "",
            "computer_name": "devops-20200511",
            "custom_data": "I2Nsb3VkLWNvbmZpZwojIEluZGlxdWUgcXVlIGNlIGZpY2hpZXIgZXN0IHVuIHNjcmlwdCBjbG91ZC1pbml0LgoKIyBNZXQgw6Agam91ciB0b3VzIGxlcyBwYXF1ZXRzIGR1IHN5c3TDqG1lIGF2YW50IGQnaW5zdGFsbGVyIGRlIG5vdXZlYXV4IHBhcXVldHMuCnBhY2thZ2VfdXBncmFkZTogdHJ1ZQoKIyBMaXN0ZSBkZXMgcGFxdWV0cyDDoCBpbnN0YWxsZXIgcXVpIHNvbnQgbsOpY2Vzc2FpcmVzIHBvdXIgaW5zdGFsbGVyIERvY2tlci4KcGFja2FnZXM6CiAgLSBhcHQtdHJhbnNwb3J0LWh0dHBzICAgICAgICMgUGVybWV0IMOgIEFQVCBkJ3V0aWxpc2VyIGRlcyByZXBvcyBzdXIgSFRUUFMKICAtIGNhLWNlcnRpZmljYXRlcyAgICAgICAgICAgIyBQZXJtZXQgw6AgbGEgbWFjaGluZSBkZSB2w6lyaWZpZXIgbGEgc8OpY3VyaXTDqSBkZXMgY2VydGlmaWNhdHMgU1NMCiAgLSBjdXJsICAgICAgICAgICAgICAgICAgICAgICMgT3V0aWwgZGUgdHJhbnNmZXJ0IGRlIGRvbm7DqWVzIHV0aWxpc8OpIHBvdXIgbGVzIGNvbW1hbmRlcyBjaS1kZXNzb3VzCiAgLSBzb2Z0d2FyZS1wcm9wZXJ0aWVzLWNvbW1vbiAjIEZvdXJuaXQgdW4gb3V0aWwgZGUgZ2VzdGlvbiBkZXMgc291cmNlcyBkZSBsb2dpY2llbHMKICAtIGxzYi1yZWxlYXNlICAgICAgICAgICAgICAgIyBGb3Vybml0IGRlcyBpbmZvcm1hdGlvbnMgc3VyIGxhIGRpc3RyaWJ1dGlvbiBMaW51eAoKIyBMaXN0ZSBkZXMgY29tbWFuZGVzIMOgIGV4w6ljdXRlciBwb3VyIGluc3RhbGxlciBEb2NrZXIuCnJ1bmNtZDoKICAtIGN1cmwgLWZzU0wgaHR0cHM6Ly9kb3dubG9hZC5kb2NrZXIuY29tL2xpbnV4L3VidW50dS9ncGcgfCBzdWRvIGFwdC1rZXkgYWRkIC0KICAgICMgVMOpbMOpY2hhcmdlIGxhIGNsw6kgR1BHIG9mZmljaWVsbGUgZGUgRG9ja2VyIGV0IGwnYWpvdXRlIGF1IHN5c3TDqG1lIGRlIGdlc3Rpb24gZGVzIHBhcXVldHMsCiAgICAjIG7DqWNlc3NhaXJlIHBvdXIgcydhc3N1cmVyIHF1ZSBsZXMgcGFxdWV0cyB0w6lsw6ljaGFyZ8OpcyBzb250IGF1dGhlbnRpcXVlcy4KCiAgLSBzdWRvIGFkZC1hcHQtcmVwb3NpdG9yeSAiZGViIFthcmNoPWFtZDY0XSBodHRwczovL2Rvd25sb2FkLmRvY2tlci5jb20vbGludXgvdWJ1bnR1ICQobHNiX3JlbGVhc2UgLWNzKSBzdGFibGUiCiAgICAjIEFqb3V0ZSBsZSBkw6lww7R0IG9mZmljaWVsIGRlIERvY2tlciBhdXggc291cmNlcyBBUFQgZGUgVWJ1bnR1LCBwb3VyIGxhIHZlcnNpb24gc3RhYmxlIGRlIERvY2tlciwKICAgICMgZXQgcG91ciBsJ2FyY2hpdGVjdHVyZSBhbWQ2NC4KCiAgLSBzdWRvIGFwdC1nZXQgdXBkYXRlCiAgICAjIE1ldCDDoCBqb3VyIGwnaW5kZXggZGVzIHBhcXVldHMgYXByw6hzIGwnYWpvdXQgZHUgbm91dmVhdSBkw6lww7R0IERvY2tlci4KCiAgLSBzdWRvIGFwdC1nZXQgaW5zdGFsbCAteSBkb2NrZXItY2UgZG9ja2VyLWNlLWNsaSBjb250YWluZXJkLmlvCiAgICAjIEluc3RhbGxlIERvY2tlciwgRG9ja2VyIENMSSBldCBjb250YWluZXJkLCBxdWkgc29udCBuw6ljZXNzYWlyZXMgcG91ciBleMOpY3V0ZXIgZGVzIGNvbnRlbmV1cnMgRG9ja2VyLgoKICAtIHN1ZG8gdXNlcm1vZCAtYUcgZG9ja2VyICRVU0VSCiAgICAjIEFqb3V0ZSBsJ3V0aWxpc2F0ZXVyIGFjdHVlbCBhdSBncm91cGUgRG9ja2VyLCBwZXJtZXR0YW50IGQnZXjDqWN1dGVyIGRlcyBjb21tYW5kZXMgRG9ja2VyIHNhbnMgc3Vkby4K",
            "dedicated_host_group_id": "",
            "dedicated_host_id": "",
            "disable_password_authentication": true,
            "disk_controller_type": "SCSI",
            "edge_zone": "",
            "encryption_at_host_enabled": false,
            "eviction_policy": "",
            "extensions_time_budget": "PT1H30M",
            "gallery_application": [],
            "id": "/subscriptions/765266c6-9a23-4638-af32-dd1e32613047/resourceGroups/ADDA84-CTP/providers/Microsoft.Compute/virtualMachines/devops-20200511",
            "identity": [],
            "license_type": "",
            "location": "francecentral",
            "max_bid_price": -1,
            "name": "devops-20200511",
            "network_interface_ids": [
              "/subscriptions/765266c6-9a23-4638-af32-dd1e32613047/resourceGroups/ADDA84-CTP/providers/Microsoft.Network/networkInterfaces/devops-ni"
            ],
            "os_disk": [
              {
                "caching": "ReadWrite",
                "diff_disk_settings": [],
                "disk_encryption_set_id": "",
                "disk_size_gb": 30,
                "name": "myosdisk",
                "secure_vm_disk_encryption_set_id": "",
                "security_encryption_type": "",
                "storage_account_type": "Standard_LRS",
                "write_accelerator_enabled": false
              }
            ],
            "os_image_notification": [],
            "patch_assessment_mode": "ImageDefault",
            "patch_mode": "ImageDefault",
            "plan": [],
            "platform_fault_domain": -1,
            "priority": "Regular",
            "private_ip_address": "10.3.1.11",
            "private_ip_addresses": [
              "10.3.1.11"
            ],
            "provision_vm_agent": true,
            "proximity_placement_group_id": "",
            "public_ip_address": "40.89.187.49",
            "public_ip_addresses": [
              "40.89.187.49"
            ],
            "reboot_setting": "",
            "resource_group_name": "ADDA84-CTP",
            "secret": [],
            "secure_boot_enabled": false,
            "size": "Standard_D2s_v3",
            "source_image_id": "",
            "source_image_reference": [
              {
                "offer": "0001-com-ubuntu-server-focal",
                "publisher": "Canonical",
                "sku": "20_04-lts-gen2",
                "version": "latest"
              }
            ],
            "tags": null,
            "termination_notification": null,
            "timeouts": null,
            "user_data": "",
            "virtual_machine_id": "ef9a501a-c21a-4c38-b940-d794dddbd159",
            "virtual_machine_scale_set_id": "",
            "vm_agent_platform_updates_enabled": false,
            "vtpm_enabled": false,
            "zone": ""
          },
          "sensitive_attributes": [],
          "private": "eyJlMmJmYjczMC1lY2FhLTExZTYtOGY4OC0zNDM2M2JjN2M0YzAiOnsiY3JlYXRlIjoyNzAwMDAwMDAwMDAwLCJkZWxldGUiOjI3MDAwMDAwMDAwMDAsInJlYWQiOjMwMDAwMDAwMDAwMCwidXBkYXRlIjoyNzAwMDAwMDAwMDAwfX0=",
          "dependencies": [
            "azurerm_network_interface.devops_ni",
            "azurerm_public_ip.devops_public_ip",
            "data.azurerm_subnet.internal_subnet",
            "tls_private_key.ssh_key"
          ]
        }
      ]
    },
    {
      "mode": "managed",
      "type": "azurerm_network_interface",
      "name": "devops_ni",
      "provider": "provider[\"registry.terraform.io/hashicorp/azurerm\"]",
      "instances": [
        {
          "schema_version": 0,
          "attributes": {
            "applied_dns_servers": [],
            "auxiliary_mode": "",
            "auxiliary_sku": "",
            "dns_servers": [],
            "edge_zone": "",
            "enable_accelerated_networking": false,
            "enable_ip_forwarding": false,
            "id": "/subscriptions/765266c6-9a23-4638-af32-dd1e32613047/resourceGroups/ADDA84-CTP/providers/Microsoft.Network/networkInterfaces/devops-ni",
            "internal_dns_name_label": "",
            "internal_domain_name_suffix": "xlqvuemcepdebimiddk0hjeczf.parx.internal.cloudapp.net",
            "ip_configuration": [
              {
                "gateway_load_balancer_frontend_ip_configuration_id": "",
                "name": "internal",
                "primary": true,
                "private_ip_address": "10.3.1.11",
                "private_ip_address_allocation": "Dynamic",
                "private_ip_address_version": "IPv4",
                "public_ip_address_id": "/subscriptions/765266c6-9a23-4638-af32-dd1e32613047/resourceGroups/ADDA84-CTP/providers/Microsoft.Network/publicIPAddresses/devops-public-ip",
                "subnet_id": "/subscriptions/765266c6-9a23-4638-af32-dd1e32613047/resourceGroups/ADDA84-CTP/providers/Microsoft.Network/virtualNetworks/network-tp4/subnets/internal"
              }
            ],
            "location": "francecentral",
            "mac_address": "",
            "name": "devops-ni",
            "private_ip_address": "10.3.1.11",
            "private_ip_addresses": [
              "10.3.1.11"
            ],
            "resource_group_name": "ADDA84-CTP",
            "tags": null,
            "timeouts": null,
            "virtual_machine_id": ""
          },
          "sensitive_attributes": [],
          "private": "eyJlMmJmYjczMC1lY2FhLTExZTYtOGY4OC0zNDM2M2JjN2M0YzAiOnsiY3JlYXRlIjoxODAwMDAwMDAwMDAwLCJkZWxldGUiOjE4MDAwMDAwMDAwMDAsInJlYWQiOjMwMDAwMDAwMDAwMCwidXBkYXRlIjoxODAwMDAwMDAwMDAwfX0=",
          "dependencies": [
            "azurerm_public_ip.devops_public_ip",
            "data.azurerm_subnet.internal_subnet"
          ]
        }
      ]
    },
    {
      "mode": "managed",
      "type": "azurerm_public_ip",
      "name": "devops_public_ip",
      "provider": "provider[\"registry.terraform.io/hashicorp/azurerm\"]",
      "instances": [
        {
          "schema_version": 0,
          "attributes": {
            "allocation_method": "Static",
            "ddos_protection_mode": "VirtualNetworkInherited",
            "ddos_protection_plan_id": null,
            "domain_name_label": null,
            "edge_zone": "",
            "fqdn": null,
            "id": "/subscriptions/765266c6-9a23-4638-af32-dd1e32613047/resourceGroups/ADDA84-CTP/providers/Microsoft.Network/publicIPAddresses/devops-public-ip",
            "idle_timeout_in_minutes": 4,
            "ip_address": "40.89.187.49",
            "ip_tags": null,
            "ip_version": "IPv4",
            "location": "francecentral",
            "name": "devops-public-ip",
            "public_ip_prefix_id": null,
            "resource_group_name": "ADDA84-CTP",
            "reverse_fqdn": null,
            "sku": "Basic",
            "sku_tier": "Regional",
            "tags": null,
            "timeouts": null,
            "zones": null
          },
          "sensitive_attributes": [],
          "private": "eyJlMmJmYjczMC1lY2FhLTExZTYtOGY4OC0zNDM2M2JjN2M0YzAiOnsiY3JlYXRlIjoxODAwMDAwMDAwMDAwLCJkZWxldGUiOjE4MDAwMDAwMDAwMDAsInJlYWQiOjMwMDAwMDAwMDAwMCwidXBkYXRlIjoxODAwMDAwMDAwMDAwfX0="
        }
      ]
    },
    {
      "mode": "managed",
      "type": "local_file",
      "name": "public_key",
      "provider": "provider[\"registry.terraform.io/hashicorp/local\"]",
      "instances": [
        {
          "schema_version": 0,
          "attributes": {
            "content": "ssh-rsa AAAAB3NzaC1yc2EAAAADAQABAAABAQDV9bjRnCR4oADAN1oolXIW5C2t3NU5/wyVESmULRdIpUYFAmX+f/PyKpaiK05tD1n6Zqakxw3MWhmZC7d+YDSD0IQa9Y3kGhtOpUDa1yPkRESjWozPOd1v7V6jrv2GWkU+QwEEGll3vCsGr802CKVdPsiJ4Cz401xOq+HsXjnNon3TIIgFRd3KzG+jbZsfwZHSD9laEDN1ulQ/fRID3W6JziTeuMrIvtfulWhuL/nAHvZPPW3El7kEptLk0CRMBfGshjwIbcNrjDmjnZW16blwssgimeK3/33NkEKBuEwsgfWhRaO0DfGDKIUbrdjrTVRxpHokV4hqc61eQ4Fv4Oo1\n",
            "content_base64": null,
            "content_base64sha256": "7OvRj4zV+tLNkhfS5ydfJH6pSEOUTqMgd0hLIve/Eb8=",
            "content_base64sha512": "+syujMQOWGBy1yCx0Y5UMY8NeblcRi1KrqLcbGf0w8uwn+NyGbcjKUw16q4l+y71LnHBBQuSuekjEUUcBHTXIA==",
            "content_md5": "f7fb578c2e9835b99cd00163cccab0cd",
            "content_sha1": "3f5b311d516faad7811fc01db7dbf539121b759f",
            "content_sha256": "ecebd18f8cd5fad2cd9217d2e7275f247ea94843944ea32077484b22f7bf11bf",
            "content_sha512": "faccae8cc40e586072d720b1d18e54318f0d79b95c462d4aaea2dc6c67f4c3cbb09fe37219b723294c35eaae25fb2ef52e71c1050b92b9e92311451c0474d720",
            "directory_permission": "0777",
            "file_permission": "0777",
            "filename": "./id_rsa.pub",
            "id": "3f5b311d516faad7811fc01db7dbf539121b759f",
            "sensitive_content": null,
            "source": null
          },
          "sensitive_attributes": [],
          "dependencies": [
            "tls_private_key.ssh_key"
          ]
        }
      ]
    },
    {
      "mode": "managed",
      "type": "local_sensitive_file",
      "name": "private_key",
      "provider": "provider[\"registry.terraform.io/hashicorp/local\"]",
      "instances": [
        {
          "schema_version": 0,
          "attributes": {
            "content": "-----BEGIN RSA PRIVATE KEY-----\nMIIEowIBAAKCAQEA1fW40ZwkeKAAwDdaKJVyFuQtrdzVOf8MlREplC0XSKVGBQJl\n/n/z8iqWoitObQ9Z+mampMcNzFoZmQu3fmA0g9CEGvWN5BobTqVA2tcj5EREo1qM\nzzndb+1eo679hlpFPkMBBBpZd7wrBq/NNgilXT7IieAs+NNcTqvh7F45zaJ90yCI\nBUXdysxvo22bH8GR0g/ZWhAzdbpUP30SA91uic4k3rjKyL7X7pVobi/5wB72Tz1t\nxJe5BKbS5NAkTAXxrIY8CG3Da4w5o52Vtem5cLLIIpnit/99zZBCgbhMLIH1oUWj\ntA3xgyiFG63Y601UcaR6JFeIanOtXkOBb+DqNQIDAQABAoIBABiMI5Mw5eJNASkM\ncLSdSMSlkzQSVQhdYbUsjeepMLWt+JWUi90iEvvitPuQGmRa0YjwBAh9qfCbGbq8\nZGYEZaIF51IsgAX+lMl2HjW9XynOR02yktsnmWdBBY2kAwRKEQ2upEwzNbaOCSWw\nP8wGO+qxzFI9PQujPEDuaXIz8U/NMd6Cmg+VElF2hIz2rcpiP7ZXcUcclQju1nin\nft2YhfnzibhVBzQctByXhDUuAmTDp3ojyGhyJX0TPMCXE1sfZiVLRQU225VkDm8Q\nl5Tlv/uAhBBBc8gY9cytmYNt8y3T7Xamsz2znafNnjb2Cde7aqQyrVUqq636aoVY\neT9CEkECgYEA/fvxAUxdQpd/XPZ+Ylz0ftX5rY1YUrwc0g1pNdwmSFaKJe711FKZ\n+wISeyymtcZTmbbmPZyTQdR1dkGiX/HoAaJg4KXUHfBdGDheBROGssV9J/DfgVMy\n0kdixp8trscIuFeA6GSNya63GVmHCdqe5CQxH9A28cD5VBp5wRXLoXECgYEA16h0\n/zVqDn/pnveXhlojlaMmfhtNv4L5WpUE/2y/6fRuZUlZF5WkBW4KCEy69GpaNwxU\ng4ejBmqx7fTLpSh8EZYiJVYBxO6mZ0eIMw5oK9bxaQL/dfCA4n0KGjyl98yHzTgx\n0nuhaEz+lFta1udfm2Kd9jOUA2uccmZP4G7xcwUCgYBj740+AIk1mZzQvGCwXXkK\nqzEp+9LEAyan9ATw32Xk0sBa+rKZz8KsxHz3IHOcVKQyeIgRuBktLublGCBG9k1e\nz0ClRDq5aQmIbS15e9xlXVXIsHuRTGZT3SjdlGaKPeCNgEjFqEMuF2QOQm7jDrW0\neRUnOmtUJqU0VZKQyf2s0QKBgCCfkSNSNzr+Sp8LoVZnqF5okdgd1UMVUxdK17i0\nAMwpd9HGqL2Sm39eyBG9WcLDm+Yb7WUATb8YwNXYZD4Vw779USkIu7fIyk9xWL8w\nfL21BEv4ciCrQzP/6llRt2GnBRwcVh0bKq2WiCR1NWaxFZtx7adi4g8qZj5AD/FJ\nlyjpAoGBAOxo60AsZEBlembmUIDg6iC8pnMxryzfdfVwRGMJ3zVPVyyY6lHXnbCl\nhVA75Xq4DX2MEIZ34c5tQZavh4GRT4LzvqL1mkHDcdUWru/P7Y0AltwJ9FnQv9w1\n5u/jksTRbt3zpeLhSdgInnYoMkf2OJK4e9ViI1ir5jWkLMj66ela\n-----END RSA PRIVATE KEY-----\n",
            "content_base64": null,
            "content_base64sha256": "8yn88/KQKZXqXM3fTQXkIEPBwLMwuRKLGslbWvRHpBg=",
            "content_base64sha512": "2UKs2ZTnLersjFoDLnzitvjeXXHv3DyrU6U0dVrHlOIrlJUBhrN0Qf2ZyE1ORA23oq6Fob8AIp2wxwluFPMllA==",
            "content_md5": "3a78b9cee6399f4097d30221e81b0130",
            "content_sha1": "1e97572b7d5b600f9e8970426f10ff341330f03e",
            "content_sha256": "f329fcf3f2902995ea5ccddf4d05e42043c1c0b330b9128b1ac95b5af447a418",
            "content_sha512": "d942acd994e72deaec8c5a032e7ce2b6f8de5d71efdc3cab53a534755ac794e22b94950186b37441fd99c84d4e440db7a2ae85a1bf00229db0c7096e14f32594",
            "directory_permission": "0700",
            "file_permission": "0600",
            "filename": "./id_rsa",
            "id": "1e97572b7d5b600f9e8970426f10ff341330f03e",
            "source": null
          },
          "sensitive_attributes": [
            [
              {
                "type": "get_attr",
                "value": "content"
              }
            ]
          ],
          "dependencies": [
            "tls_private_key.ssh_key"
          ]
        }
      ]
    },
    {
      "mode": "managed",
      "type": "tls_private_key",
      "name": "ssh_key",
      "provider": "provider[\"registry.terraform.io/hashicorp/tls\"]",
      "instances": [
        {
          "schema_version": 0,
          "attributes": {
            "algorithm": "RSA",
            "ecdsa_curve": "P224",
            "id": "b8294e70d2dcf318c8d2a0e35914fd5f514516a6",
            "private_key_openssh": "-----BEGIN OPENSSH PRIVATE KEY-----\nb3BlbnNzaC1rZXktdjEAAAAABG5vbmUAAAAEbm9uZQAAAAAAAAABAAABFwAAAAdz\nc2gtcnNhAAAAAwEAAQAAAQEA1fW40ZwkeKAAwDdaKJVyFuQtrdzVOf8MlREplC0X\nSKVGBQJl/n/z8iqWoitObQ9Z+mampMcNzFoZmQu3fmA0g9CEGvWN5BobTqVA2tcj\n5EREo1qMzzndb+1eo679hlpFPkMBBBpZd7wrBq/NNgilXT7IieAs+NNcTqvh7F45\nzaJ90yCIBUXdysxvo22bH8GR0g/ZWhAzdbpUP30SA91uic4k3rjKyL7X7pVobi/5\nwB72Tz1txJe5BKbS5NAkTAXxrIY8CG3Da4w5o52Vtem5cLLIIpnit/99zZBCgbhM\nLIH1oUWjtA3xgyiFG63Y601UcaR6JFeIanOtXkOBb+DqNQAAA7hPL/k4Ty/5OAAA\nAAdzc2gtcnNhAAABAQDV9bjRnCR4oADAN1oolXIW5C2t3NU5/wyVESmULRdIpUYF\nAmX+f/PyKpaiK05tD1n6Zqakxw3MWhmZC7d+YDSD0IQa9Y3kGhtOpUDa1yPkRESj\nWozPOd1v7V6jrv2GWkU+QwEEGll3vCsGr802CKVdPsiJ4Cz401xOq+HsXjnNon3T\nIIgFRd3KzG+jbZsfwZHSD9laEDN1ulQ/fRID3W6JziTeuMrIvtfulWhuL/nAHvZP\nPW3El7kEptLk0CRMBfGshjwIbcNrjDmjnZW16blwssgimeK3/33NkEKBuEwsgfWh\nRaO0DfGDKIUbrdjrTVRxpHokV4hqc61eQ4Fv4Oo1AAAAAwEAAQAAAQAYjCOTMOXi\nTQEpDHC0nUjEpZM0ElUIXWG1LI3nqTC1rfiVlIvdIhL74rT7kBpkWtGI8AQIfanw\nmxm6vGRmBGWiBedSLIAF/pTJdh41vV8pzkdNspLbJ5lnQQWNpAMEShENrqRMMzW2\njgklsD/MBjvqscxSPT0LozxA7mlyM/FPzTHegpoPlRJRdoSM9q3KYj+2V3FHHJUI\n7tZ4p37dmIX584m4VQc0HLQcl4Q1LgJkw6d6I8hociV9EzzAlxNbH2YlS0UFNtuV\nZA5vEJeU5b/7gIQQQXPIGPXMrZmDbfMt0+12prM9s52nzZ429gnXu2qkMq1VKqut\n+mqFWHk/QhJBAAAAgQDsaOtALGRAZXpm5lCA4OogvKZzMa8s33X1cERjCd81T1cs\nmOpR152wpYVQO+V6uA19jBCGd+HObUGWr4eBkU+C876i9ZpBw3HVFq7vz+2NAJbc\nCfRZ0L/cNebv45LE0W7d86Xi4UnYCJ52KDJH9jiSuHvVYiNYq+Y1pCzI+unpWgAA\nAIEA/fvxAUxdQpd/XPZ+Ylz0ftX5rY1YUrwc0g1pNdwmSFaKJe711FKZ+wISeyym\ntcZTmbbmPZyTQdR1dkGiX/HoAaJg4KXUHfBdGDheBROGssV9J/DfgVMy0kdixp8t\nrscIuFeA6GSNya63GVmHCdqe5CQxH9A28cD5VBp5wRXLoXEAAACBANeodP81ag5/\n6Z73l4ZaI5WjJn4bTb+C+VqVBP9sv+n0bmVJWReVpAVuCghMuvRqWjcMVIOHowZq\nse30y6UofBGWIiVWAcTupmdHiDMOaCvW8WkC/3XwgOJ9Cho8pffMh804MdJ7oWhM\n/pRbWtbnX5tinfYzlANrnHJmT+Bu8XMFAAAAAAEC\n-----END OPENSSH PRIVATE KEY-----\n",
            "private_key_pem": "-----BEGIN RSA PRIVATE KEY-----\nMIIEowIBAAKCAQEA1fW40ZwkeKAAwDdaKJVyFuQtrdzVOf8MlREplC0XSKVGBQJl\n/n/z8iqWoitObQ9Z+mampMcNzFoZmQu3fmA0g9CEGvWN5BobTqVA2tcj5EREo1qM\nzzndb+1eo679hlpFPkMBBBpZd7wrBq/NNgilXT7IieAs+NNcTqvh7F45zaJ90yCI\nBUXdysxvo22bH8GR0g/ZWhAzdbpUP30SA91uic4k3rjKyL7X7pVobi/5wB72Tz1t\nxJe5BKbS5NAkTAXxrIY8CG3Da4w5o52Vtem5cLLIIpnit/99zZBCgbhMLIH1oUWj\ntA3xgyiFG63Y601UcaR6JFeIanOtXkOBb+DqNQIDAQABAoIBABiMI5Mw5eJNASkM\ncLSdSMSlkzQSVQhdYbUsjeepMLWt+JWUi90iEvvitPuQGmRa0YjwBAh9qfCbGbq8\nZGYEZaIF51IsgAX+lMl2HjW9XynOR02yktsnmWdBBY2kAwRKEQ2upEwzNbaOCSWw\nP8wGO+qxzFI9PQujPEDuaXIz8U/NMd6Cmg+VElF2hIz2rcpiP7ZXcUcclQju1nin\nft2YhfnzibhVBzQctByXhDUuAmTDp3ojyGhyJX0TPMCXE1sfZiVLRQU225VkDm8Q\nl5Tlv/uAhBBBc8gY9cytmYNt8y3T7Xamsz2znafNnjb2Cde7aqQyrVUqq636aoVY\neT9CEkECgYEA/fvxAUxdQpd/XPZ+Ylz0ftX5rY1YUrwc0g1pNdwmSFaKJe711FKZ\n+wISeyymtcZTmbbmPZyTQdR1dkGiX/HoAaJg4KXUHfBdGDheBROGssV9J/DfgVMy\n0kdixp8trscIuFeA6GSNya63GVmHCdqe5CQxH9A28cD5VBp5wRXLoXECgYEA16h0\n/zVqDn/pnveXhlojlaMmfhtNv4L5WpUE/2y/6fRuZUlZF5WkBW4KCEy69GpaNwxU\ng4ejBmqx7fTLpSh8EZYiJVYBxO6mZ0eIMw5oK9bxaQL/dfCA4n0KGjyl98yHzTgx\n0nuhaEz+lFta1udfm2Kd9jOUA2uccmZP4G7xcwUCgYBj740+AIk1mZzQvGCwXXkK\nqzEp+9LEAyan9ATw32Xk0sBa+rKZz8KsxHz3IHOcVKQyeIgRuBktLublGCBG9k1e\nz0ClRDq5aQmIbS15e9xlXVXIsHuRTGZT3SjdlGaKPeCNgEjFqEMuF2QOQm7jDrW0\neRUnOmtUJqU0VZKQyf2s0QKBgCCfkSNSNzr+Sp8LoVZnqF5okdgd1UMVUxdK17i0\nAMwpd9HGqL2Sm39eyBG9WcLDm+Yb7WUATb8YwNXYZD4Vw779USkIu7fIyk9xWL8w\nfL21BEv4ciCrQzP/6llRt2GnBRwcVh0bKq2WiCR1NWaxFZtx7adi4g8qZj5AD/FJ\nlyjpAoGBAOxo60AsZEBlembmUIDg6iC8pnMxryzfdfVwRGMJ3zVPVyyY6lHXnbCl\nhVA75Xq4DX2MEIZ34c5tQZavh4GRT4LzvqL1mkHDcdUWru/P7Y0AltwJ9FnQv9w1\n5u/jksTRbt3zpeLhSdgInnYoMkf2OJK4e9ViI1ir5jWkLMj66ela\n-----END RSA PRIVATE KEY-----\n",
            "public_key_fingerprint_md5": "e5:6d:fe:03:0b:b5:2b:2e:2f:48:91:2f:09:c8:01:13",
            "public_key_fingerprint_sha256": "SHA256:28L0QQbj2J2rwlT3DNf++au9ttfDPCnKDBobqnym6LI",
            "public_key_openssh": "ssh-rsa AAAAB3NzaC1yc2EAAAADAQABAAABAQDV9bjRnCR4oADAN1oolXIW5C2t3NU5/wyVESmULRdIpUYFAmX+f/PyKpaiK05tD1n6Zqakxw3MWhmZC7d+YDSD0IQa9Y3kGhtOpUDa1yPkRESjWozPOd1v7V6jrv2GWkU+QwEEGll3vCsGr802CKVdPsiJ4Cz401xOq+HsXjnNon3TIIgFRd3KzG+jbZsfwZHSD9laEDN1ulQ/fRID3W6JziTeuMrIvtfulWhuL/nAHvZPPW3El7kEptLk0CRMBfGshjwIbcNrjDmjnZW16blwssgimeK3/33NkEKBuEwsgfWhRaO0DfGDKIUbrdjrTVRxpHokV4hqc61eQ4Fv4Oo1\n",
            "public_key_pem": "-----BEGIN PUBLIC KEY-----\nMIIBIjANBgkqhkiG9w0BAQEFAAOCAQ8AMIIBCgKCAQEA1fW40ZwkeKAAwDdaKJVy\nFuQtrdzVOf8MlREplC0XSKVGBQJl/n/z8iqWoitObQ9Z+mampMcNzFoZmQu3fmA0\ng9CEGvWN5BobTqVA2tcj5EREo1qMzzndb+1eo679hlpFPkMBBBpZd7wrBq/NNgil\nXT7IieAs+NNcTqvh7F45zaJ90yCIBUXdysxvo22bH8GR0g/ZWhAzdbpUP30SA91u\nic4k3rjKyL7X7pVobi/5wB72Tz1txJe5BKbS5NAkTAXxrIY8CG3Da4w5o52Vtem5\ncLLIIpnit/99zZBCgbhMLIH1oUWjtA3xgyiFG63Y601UcaR6JFeIanOtXkOBb+Dq\nNQIDAQAB\n-----END PUBLIC KEY-----\n",
            "rsa_bits": 2048
          },
          "sensitive_attributes": [],
          "private": "bnVsbA=="
        }
      ]
    }
  ],
  "check_results": null
}
